// !$*UTF8*$!
{
	archiveVersion = 1;
	classes = {
	};
	objectVersion = 48;
	objects = {

/* Begin PBXBuildFile section */
		9576DC48206B7133006F55F0 /* AppDelegate.swift in Sources */ = {isa = PBXBuildFile; fileRef = 9576DC47206B7133006F55F0 /* AppDelegate.swift */; };
		9576DC4A206B7133006F55F0 /* ViewController.swift in Sources */ = {isa = PBXBuildFile; fileRef = 9576DC49206B7133006F55F0 /* ViewController.swift */; };
		9576DC4D206B7133006F55F0 /* Main.storyboard in Resources */ = {isa = PBXBuildFile; fileRef = 9576DC4B206B7133006F55F0 /* Main.storyboard */; };
		9576DC4F206B7133006F55F0 /* Assets.xcassets in Resources */ = {isa = PBXBuildFile; fileRef = 9576DC4E206B7133006F55F0 /* Assets.xcassets */; };
		9576DC52206B7133006F55F0 /* LaunchScreen.storyboard in Resources */ = {isa = PBXBuildFile; fileRef = 9576DC50206B7133006F55F0 /* LaunchScreen.storyboard */; };
		9576DC5A206B7183006F55F0 /* Land.swift in Sources */ = {isa = PBXBuildFile; fileRef = 9576DC59206B7183006F55F0 /* Land.swift */; };
/* End PBXBuildFile section */

/* Begin PBXFileReference section */
		9576DC44206B7133006F55F0 /* Castles.app */ = {isa = PBXFileReference; explicitFileType = wrapper.application; includeInIndex = 0; path = Castles.app; sourceTree = BUILT_PRODUCTS_DIR; };
		9576DC47206B7133006F55F0 /* AppDelegate.swift */ = {isa = PBXFileReference; lastKnownFileType = sourcecode.swift; path = AppDelegate.swift; sourceTree = "<group>"; };
		9576DC49206B7133006F55F0 /* ViewController.swift */ = {isa = PBXFileReference; lastKnownFileType = sourcecode.swift; path = ViewController.swift; sourceTree = "<group>"; };
		9576DC4C206B7133006F55F0 /* Base */ = {isa = PBXFileReference; lastKnownFileType = file.storyboard; name = Base; path = Base.lproj/Main.storyboard; sourceTree = "<group>"; };
		9576DC4E206B7133006F55F0 /* Assets.xcassets */ = {isa = PBXFileReference; lastKnownFileType = folder.assetcatalog; path = Assets.xcassets; sourceTree = "<group>"; };
		9576DC51206B7133006F55F0 /* Base */ = {isa = PBXFileReference; lastKnownFileType = file.storyboard; name = Base; path = Base.lproj/LaunchScreen.storyboard; sourceTree = "<group>"; };
		9576DC53206B7133006F55F0 /* Info.plist */ = {isa = PBXFileReference; lastKnownFileType = text.plist.xml; path = Info.plist; sourceTree = "<group>"; };
		9576DC59206B7183006F55F0 /* Land.swift */ = {isa = PBXFileReference; lastKnownFileType = sourcecode.swift; path = Land.swift; sourceTree = "<group>"; };
/* End PBXFileReference section */

/* Begin PBXFrameworksBuildPhase section */
		9576DC41206B7133006F55F0 /* Frameworks */ = {
			isa = PBXFrameworksBuildPhase;
			buildActionMask = 2147483647;
			files = (
			);
			runOnlyForDeploymentPostprocessing = 0;
		};
/* End PBXFrameworksBuildPhase section */

/* Begin PBXGroup section */
		9576DC3B206B7133006F55F0 = {
			isa = PBXGroup;
			children = (
				9576DC46206B7133006F55F0 /* Castles */,
				9576DC45206B7133006F55F0 /* Products */,
			);
			sourceTree = "<group>";
		};
		9576DC45206B7133006F55F0 /* Products */ = {
			isa = PBXGroup;
			children = (
				9576DC44206B7133006F55F0 /* Castles.app */,
			);
			name = Products;
			sourceTree = "<group>";
		};
		9576DC46206B7133006F55F0 /* Castles */ = {
			isa = PBXGroup;
			children = (
				9576DC47206B7133006F55F0 /* AppDelegate.swift */,
				9576DC59206B7183006F55F0 /* Land.swift */,
				9576DC49206B7133006F55F0 /* ViewController.swift */,
				9576DC4B206B7133006F55F0 /* Main.storyboard */,
				9576DC4E206B7133006F55F0 /* Assets.xcassets */,
				9576DC50206B7133006F55F0 /* LaunchScreen.storyboard */,
				9576DC53206B7133006F55F0 /* Info.plist */,
			);
			path = Castles;
			sourceTree = "<group>";
		};
/* End PBXGroup section */

/* Begin PBXNativeTarget section */
		9576DC43206B7133006F55F0 /* Castles */ = {
			isa = PBXNativeTarget;
			buildConfigurationList = 9576DC56206B7133006F55F0 /* Build configuration list for PBXNativeTarget "Castles" */;
			buildPhases = (
				9576DC40206B7133006F55F0 /* Sources */,
				9576DC41206B7133006F55F0 /* Frameworks */,
				9576DC42206B7133006F55F0 /* Resources */,
			);
			buildRules = (
			);
			dependencies = (
			);
			name = Castles;
			productName = Castles;
			productReference = 9576DC44206B7133006F55F0 /* Castles.app */;
			productType = "com.apple.product-type.application";
		};
/* End PBXNativeTarget section */

/* Begin PBXProject section */
		9576DC3C206B7133006F55F0 /* Project object */ = {
			isa = PBXProject;
			attributes = {
				LastSwiftUpdateCheck = 0920;
				LastUpgradeCheck = 0920;
				ORGANIZATIONNAME = "Rifaz Iqbal";
				TargetAttributes = {
					9576DC43206B7133006F55F0 = {
						CreatedOnToolsVersion = 9.2;
						ProvisioningStyle = Automatic;
					};
				};
			};
			buildConfigurationList = 9576DC3F206B7133006F55F0 /* Build configuration list for PBXProject "Castles" */;
			compatibilityVersion = "Xcode 8.0";
			developmentRegion = en;
			hasScannedForEncodings = 0;
			knownRegions = (
				en,
				Base,
			);
			mainGroup = 9576DC3B206B7133006F55F0;
			productRefGroup = 9576DC45206B7133006F55F0 /* Products */;
			projectDirPath = "";
			projectRoot = "";
			targets = (
				9576DC43206B7133006F55F0 /* Castles */,
			);
		};
/* End PBXProject section */

/* Begin PBXResourcesBuildPhase section */
		9576DC42206B7133006F55F0 /* Resources */ = {
			isa = PBXResourcesBuildPhase;
			buildActionMask = 2147483647;
			files = (
				9576DC52206B7133006F55F0 /* LaunchScreen.storyboard in Resources */,
				9576DC4F206B7133006F55F0 /* Assets.xcassets in Resources */,
				9576DC4D206B7133006F55F0 /* Main.storyboard in Resources */,
			);
			runOnlyForDeploymentPostprocessing = 0;
		};
/* End PBXResourcesBuildPhase section */

/* Begin PBXSourcesBuildPhase section */
		9576DC40206B7133006F55F0 /* Sources */ = {
			isa = PBXSourcesBuildPhase;
			buildActionMask = 2147483647;
			files = (
				9576DC4A206B7133006F55F0 /* ViewController.swift in Sources */,
				9576DC48206B7133006F55F0 /* AppDelegate.swift in Sources */,
				9576DC5A206B7183006F55F0 /* Land.swift in Sources */,
			);
			runOnlyForDeploymentPostprocessing = 0;
		};
/* End PBXSourcesBuildPhase section */

/* Begin PBXVariantGroup section */
		9576DC4B206B7133006F55F0 /* Main.storyboard */ = {
			isa = PBXVariantGroup;
			children = (
				9576DC4C206B7133006F55F0 /* Base */,
			);
			name = Main.storyboard;
			sourceTree = "<group>";
		};
		9576DC50206B7133006F55F0 /* LaunchScreen.storyboard */ = {
			isa = PBXVariantGroup;
			children = (
				9576DC51206B7133006F55F0 /* Base */,
			);
			name = LaunchScreen.storyboard;
			sourceTree = "<group>";
		};
/* End PBXVariantGroup section */

/* Begin XCBuildConfiguration section */
		9576DC54206B7133006F55F0 /* Debug */ = {
			isa = XCBuildConfiguration;
			buildSettings = {
				ALWAYS_SEARCH_USER_PATHS = NO;
				CLANG_ANALYZER_NONNULL = YES;
				CLANG_ANALYZER_NUMBER_OBJECT_CONVERSION = YES_AGGRESSIVE;
				CLANG_CXX_LANGUAGE_STANDARD = "gnu++14";
				CLANG_CXX_LIBRARY = "libc++";
				CLANG_ENABLE_MODULES = YES;
				CLANG_ENABLE_OBJC_ARC = YES;
				CLANG_WARN_BLOCK_CAPTURE_AUTORELEASING = YES;
				CLANG_WARN_BOOL_CONVERSION = YES;
				CLANG_WARN_COMMA = YES;
				CLANG_WARN_CONSTANT_CONVERSION = YES;
				CLANG_WARN_DIRECT_OBJC_ISA_USAGE = YES_ERROR;
				CLANG_WARN_DOCUMENTATION_COMMENTS = YES;
				CLANG_WARN_EMPTY_BODY = YES;
				CLANG_WARN_ENUM_CONVERSION = YES;
				CLANG_WARN_INFINITE_RECURSION = YES;
				CLANG_WARN_INT_CONVERSION = YES;
				CLANG_WARN_NON_LITERAL_NULL_CONVERSION = YES;
				CLANG_WARN_OBJC_LITERAL_CONVERSION = YES;
				CLANG_WARN_OBJC_ROOT_CLASS = YES_ERROR;
				CLANG_WARN_RANGE_LOOP_ANALYSIS = YES;
				CLANG_WARN_STRICT_PROTOTYPES = YES;
				CLANG_WARN_SUSPICIOUS_MOVE = YES;
				CLANG_WARN_UNGUARDED_AVAILABILITY = YES_AGGRESSIVE;
				CLANG_WARN_UNREACHABLE_CODE = YES;
				CLANG_WARN__DUPLICATE_METHOD_MATCH = YES;
				CODE_SIGN_IDENTITY = "iPhone Developer";
				COPY_PHASE_STRIP = NO;
				DEBUG_INFORMATION_FORMAT = dwarf;
				ENABLE_STRICT_OBJC_MSGSEND = YES;
				ENABLE_TESTABILITY = YES;
				GCC_C_LANGUAGE_STANDARD = gnu11;
				GCC_DYNAMIC_NO_PIC = NO;
				GCC_NO_COMMON_BLOCKS = YES;
				GCC_OPTIMIZATION_LEVEL = 0;
				GCC_PREPROCESSOR_DEFINITIONS = (
					"DEBUG=1",
					"$(inherited)",
				);
				GCC_WARN_64_TO_32_BIT_CONVERSION = YES;
				GCC_WARN_ABOUT_RETURN_TYPE = YES_ERROR;
				GCC_WARN_UNDECLARED_SELECTOR = YES;
				GCC_WARN_UNINITIALIZED_AUTOS = YES_AGGRESSIVE;
				GCC_WARN_UNUSED_FUNCTION = YES;
				GCC_WARN_UNUSED_VARIABLE = YES;
				IPHONEOS_DEPLOYMENT_TARGET = 11.2;
				MTL_ENABLE_DEBUG_INFO = YES;
				ONLY_ACTIVE_ARCH = YES;
				SDKROOT = iphoneos;
				SWIFT_ACTIVE_COMPILATION_CONDITIONS = DEBUG;
				SWIFT_OPTIMIZATION_LEVEL = "-Onone";
			};
			name = Debug;
		};
		9576DC55206B7133006F55F0 /* Release */ = {
			isa = XCBuildConfiguration;
			buildSettings = {
				ALWAYS_SEARCH_USER_PATHS = NO;
				CLANG_ANALYZER_NONNULL = YES;
				CLANG_ANALYZER_NUMBER_OBJECT_CONVERSION = YES_AGGRESSIVE;
				CLANG_CXX_LANGUAGE_STANDARD = "gnu++14";
				CLANG_CXX_LIBRARY = "libc++";
				CLANG_ENABLE_MODULES = YES;
				CLANG_ENABLE_OBJC_ARC = YES;
				CLANG_WARN_BLOCK_CAPTURE_AUTORELEASING = YES;
				CLANG_WARN_BOOL_CONVERSION = YES;
				CLANG_WARN_COMMA = YES;
				CLANG_WARN_CONSTANT_CONVERSION = YES;
				CLANG_WARN_DIRECT_OBJC_ISA_USAGE = YES_ERROR;
				CLANG_WARN_DOCUMENTATION_COMMENTS = YES;
				CLANG_WARN_EMPTY_BODY = YES;
				CLANG_WARN_ENUM_CONVERSION = YES;
				CLANG_WARN_INFINITE_RECURSION = YES;
				CLANG_WARN_INT_CONVERSION = YES;
				CLANG_WARN_NON_LITERAL_NULL_CONVERSION = YES;
				CLANG_WARN_OBJC_LITERAL_CONVERSION = YES;
				CLANG_WARN_OBJC_ROOT_CLASS = YES_ERROR;
				CLANG_WARN_RANGE_LOOP_ANALYSIS = YES;
				CLANG_WARN_STRICT_PROTOTYPES = YES;
				CLANG_WARN_SUSPICIOUS_MOVE = YES;
				CLANG_WARN_UNGUARDED_AVAILABILITY = YES_AGGRESSIVE;
				CLANG_WARN_UNREACHABLE_CODE = YES;
				CLANG_WARN__DUPLICATE_METHOD_MATCH = YES;
				CODE_SIGN_IDENTITY = "iPhone Developer";
				COPY_PHASE_STRIP = NO;
				DEBUG_INFORMATION_FORMAT = "dwarf-with-dsym";
				ENABLE_NS_ASSERTIONS = NO;
				ENABLE_STRICT_OBJC_MSGSEND = YES;
				GCC_C_LANGUAGE_STANDARD = gnu11;
				GCC_NO_COMMON_BLOCKS = YES;
				GCC_WARN_64_TO_32_BIT_CONVERSION = YES;
				GCC_WARN_ABOUT_RETURN_TYPE = YES_ERROR;
				GCC_WARN_UNDECLARED_SELECTOR = YES;
				GCC_WARN_UNINITIALIZED_AUTOS = YES_AGGRESSIVE;
				GCC_WARN_UNUSED_FUNCTION = YES;
				GCC_WARN_UNUSED_VARIABLE = YES;
				IPHONEOS_DEPLOYMENT_TARGET = 11.2;
				MTL_ENABLE_DEBUG_INFO = NO;
				SDKROOT = iphoneos;
				SWIFT_OPTIMIZATION_LEVEL = "-Owholemodule";
				VALIDATE_PRODUCT = YES;
			};
			name = Release;
		};
		9576DC57206B7133006F55F0 /* Debug */ = {
			isa = XCBuildConfiguration;
			buildSettings = {
				ASSETCATALOG_COMPILER_APPICON_NAME = AppIcon;
				CODE_SIGN_STYLE = Automatic;
				INFOPLIST_FILE = Castles/Info.plist;
				LD_RUNPATH_SEARCH_PATHS = "$(inherited) @executable_path/Frameworks";
				PRODUCT_BUNDLE_IDENTIFIER = com.rifaz.Castles;
				PRODUCT_NAME = "$(TARGET_NAME)";
				SWIFT_VERSION = 4.0;
				TARGETED_DEVICE_FAMILY = "1,2";
			};
			name = Debug;
		};
		9576DC58206B7133006F55F0 /* Release */ = {
			isa = XCBuildConfiguration;
			buildSettings = {
				ASSETCATALOG_COMPILER_APPICON_NAME = AppIcon;
				CODE_SIGN_STYLE = Automatic;
				INFOPLIST_FILE = Castles/Info.plist;
				LD_RUNPATH_SEARCH_PATHS = "$(inherited) @executable_path/Frameworks";
				PRODUCT_BUNDLE_IDENTIFIER = com.rifaz.Castles;
				PRODUCT_NAME = "$(TARGET_NAME)";
				SWIFT_VERSION = 4.0;
				TARGETED_DEVICE_FAMILY = "1,2";
			};
			name = Release;
		};
/* End XCBuildConfiguration section */

/* Begin XCConfigurationList section */
		9576DC3F206B7133006F55F0 /* Build configuration list for PBXProject "Castles" */ = {
			isa = XCConfigurationList;
			buildConfigurations = (
				9576DC54206B7133006F55F0 /* Debug */,
				9576DC55206B7133006F55F0 /* Release */,
			);
			defaultConfigurationIsVisible = 0;
			defaultConfigurationName = Release;
		};
		9576DC56206B7133006F55F0 /* Build configuration list for PBXNativeTarget "Castles" */ = {
			isa = XCConfigurationList;
			buildConfigurations = (
				9576DC57206B7133006F55F0 /* Debug */,
				9576DC58206B7133006F55F0 /* Release */,
			);
			defaultConfigurationIsVisible = 0;
			defaultConfigurationName = Release;
		};
/* End XCConfigurationList section */
	};
	rootObject = 9576DC3C206B7133006F55F0 /* Project object */;
}
